// !$*UTF8*$!
{
	archiveVersion = 1;
	classes = {
	};
	objectVersion = 46;
	objects = {

/* Begin PBXBuildFile section */
		94B887B5E6E6C99E5A37C8C0 /* libPods.a in Frameworks */ = {isa = PBXBuildFile; fileRef = A5F2D6192DB1E955FDF44B24 /* libPods.a */; };
		FAA700641D6BD66E00484D6A /* main.m in Sources */ = {isa = PBXBuildFile; fileRef = FAA700631D6BD66E00484D6A /* main.m */; };
		FAA700671D6BD66E00484D6A /* AppDelegate.m in Sources */ = {isa = PBXBuildFile; fileRef = FAA700661D6BD66E00484D6A /* AppDelegate.m */; };
		FAA7006A1D6BD66E00484D6A /* ViewController.m in Sources */ = {isa = PBXBuildFile; fileRef = FAA700691D6BD66E00484D6A /* ViewController.m */; };
		FAA7006F1D6BD66E00484D6A /* Assets.xcassets in Resources */ = {isa = PBXBuildFile; fileRef = FAA7006E1D6BD66E00484D6A /* Assets.xcassets */; };
		FAA7007C1D6BD74000484D6A /* JinnPopMenu.m in Sources */ = {isa = PBXBuildFile; fileRef = FAA7007B1D6BD74000484D6A /* JinnPopMenu.m */; };
		FAA7009A1D6BE21800484D6A /* delete@2x.png in Resources */ = {isa = PBXBuildFile; fileRef = FAA7008D1D6BE21800484D6A /* delete@2x.png */; };
		FAA7009B1D6BE21800484D6A /* delete_selected@2x.png in Resources */ = {isa = PBXBuildFile; fileRef = FAA7008E1D6BE21800484D6A /* delete_selected@2x.png */; };
		FAA7009C1D6BE21800484D6A /* download@2x.png in Resources */ = {isa = PBXBuildFile; fileRef = FAA7008F1D6BE21800484D6A /* download@2x.png */; };
		FAA7009D1D6BE21800484D6A /* download_selected@2x.png in Resources */ = {isa = PBXBuildFile; fileRef = FAA700901D6BE21800484D6A /* download_selected@2x.png */; };
		FAA7009E1D6BE21800484D6A /* edit@2x.png in Resources */ = {isa = PBXBuildFile; fileRef = FAA700911D6BE21800484D6A /* edit@2x.png */; };
		FAA7009F1D6BE21800484D6A /* edit_selected@2x.png in Resources */ = {isa = PBXBuildFile; fileRef = FAA700921D6BE21800484D6A /* edit_selected@2x.png */; };
		FAA700A01D6BE21800484D6A /* icon.png in Resources */ = {isa = PBXBuildFile; fileRef = FAA700931D6BE21800484D6A /* icon.png */; };
		FAA700A11D6BE21800484D6A /* message@2x.png in Resources */ = {isa = PBXBuildFile; fileRef = FAA700941D6BE21800484D6A /* message@2x.png */; };
		FAA700A21D6BE21800484D6A /* message_selected@2x.png in Resources */ = {isa = PBXBuildFile; fileRef = FAA700951D6BE21800484D6A /* message_selected@2x.png */; };
		FAA700A31D6BE21800484D6A /* search@2x.png in Resources */ = {isa = PBXBuildFile; fileRef = FAA700961D6BE21800484D6A /* search@2x.png */; };
		FAA700A41D6BE21800484D6A /* search_selected@2x.png in Resources */ = {isa = PBXBuildFile; fileRef = FAA700971D6BE21800484D6A /* search_selected@2x.png */; };
		FAA700A51D6BE21800484D6A /* share@2x.png in Resources */ = {isa = PBXBuildFile; fileRef = FAA700981D6BE21800484D6A /* share@2x.png */; };
		FAA700A61D6BE21800484D6A /* share_selected@2x.png in Resources */ = {isa = PBXBuildFile; fileRef = FAA700991D6BE21800484D6A /* share_selected@2x.png */; };
/* End PBXBuildFile section */

/* Begin PBXFileReference section */
		09BB644C5ED856DCC2DD8D75 /* Pods.release.xcconfig */ = {isa = PBXFileReference; includeInIndex = 1; lastKnownFileType = text.xcconfig; name = Pods.release.xcconfig; path = "Pods/Target Support Files/Pods/Pods.release.xcconfig"; sourceTree = "<group>"; };
		5553FB14EC709D93BF3402B4 /* Pods.debug.xcconfig */ = {isa = PBXFileReference; includeInIndex = 1; lastKnownFileType = text.xcconfig; name = Pods.debug.xcconfig; path = "Pods/Target Support Files/Pods/Pods.debug.xcconfig"; sourceTree = "<group>"; };
		A5F2D6192DB1E955FDF44B24 /* libPods.a */ = {isa = PBXFileReference; explicitFileType = archive.ar; includeInIndex = 0; path = libPods.a; sourceTree = BUILT_PRODUCTS_DIR; };
		FAA7005F1D6BD66E00484D6A /* JinnPopMenuExample.app */ = {isa = PBXFileReference; explicitFileType = wrapper.application; includeInIndex = 0; path = JinnPopMenuExample.app; sourceTree = BUILT_PRODUCTS_DIR; };
		FAA700631D6BD66E00484D6A /* main.m */ = {isa = PBXFileReference; lastKnownFileType = sourcecode.c.objc; path = main.m; sourceTree = "<group>"; };
		FAA700651D6BD66E00484D6A /* AppDelegate.h */ = {isa = PBXFileReference; lastKnownFileType = sourcecode.c.h; path = AppDelegate.h; sourceTree = "<group>"; };
		FAA700661D6BD66E00484D6A /* AppDelegate.m */ = {isa = PBXFileReference; lastKnownFileType = sourcecode.c.objc; path = AppDelegate.m; sourceTree = "<group>"; };
		FAA700681D6BD66E00484D6A /* ViewController.h */ = {isa = PBXFileReference; lastKnownFileType = sourcecode.c.h; path = ViewController.h; sourceTree = "<group>"; };
		FAA700691D6BD66E00484D6A /* ViewController.m */ = {isa = PBXFileReference; lastKnownFileType = sourcecode.c.objc; path = ViewController.m; sourceTree = "<group>"; };
		FAA7006E1D6BD66E00484D6A /* Assets.xcassets */ = {isa = PBXFileReference; lastKnownFileType = folder.assetcatalog; path = Assets.xcassets; sourceTree = "<group>"; };
		FAA700731D6BD66E00484D6A /* Info.plist */ = {isa = PBXFileReference; lastKnownFileType = text.plist.xml; path = Info.plist; sourceTree = "<group>"; };
		FAA7007A1D6BD74000484D6A /* JinnPopMenu.h */ = {isa = PBXFileReference; fileEncoding = 4; lastKnownFileType = sourcecode.c.h; path = JinnPopMenu.h; sourceTree = "<group>"; };
		FAA7007B1D6BD74000484D6A /* JinnPopMenu.m */ = {isa = PBXFileReference; fileEncoding = 4; lastKnownFileType = sourcecode.c.objc; path = JinnPopMenu.m; sourceTree = "<group>"; };
		FAA7008D1D6BE21800484D6A /* delete@2x.png */ = {isa = PBXFileReference; lastKnownFileType = image.png; path = "delete@2x.png"; sourceTree = "<group>"; };
		FAA7008E1D6BE21800484D6A /* delete_selected@2x.png */ = {isa = PBXFileReference; lastKnownFileType = image.png; path = "delete_selected@2x.png"; sourceTree = "<group>"; };
		FAA7008F1D6BE21800484D6A /* download@2x.png */ = {isa = PBXFileReference; lastKnownFileType = image.png; path = "download@2x.png"; sourceTree = "<group>"; };
		FAA700901D6BE21800484D6A /* download_selected@2x.png */ = {isa = PBXFileReference; lastKnownFileType = image.png; path = "download_selected@2x.png"; sourceTree = "<group>"; };
		FAA700911D6BE21800484D6A /* edit@2x.png */ = {isa = PBXFileReference; lastKnownFileType = image.png; path = "edit@2x.png"; sourceTree = "<group>"; };
		FAA700921D6BE21800484D6A /* edit_selected@2x.png */ = {isa = PBXFileReference; lastKnownFileType = image.png; path = "edit_selected@2x.png"; sourceTree = "<group>"; };
		FAA700931D6BE21800484D6A /* icon.png */ = {isa = PBXFileReference; lastKnownFileType = image.png; path = icon.png; sourceTree = "<group>"; };
		FAA700941D6BE21800484D6A /* message@2x.png */ = {isa = PBXFileReference; lastKnownFileType = image.png; path = "message@2x.png"; sourceTree = "<group>"; };
		FAA700951D6BE21800484D6A /* message_selected@2x.png */ = {isa = PBXFileReference; lastKnownFileType = image.png; path = "message_selected@2x.png"; sourceTree = "<group>"; };
		FAA700961D6BE21800484D6A /* search@2x.png */ = {isa = PBXFileReference; lastKnownFileType = image.png; path = "search@2x.png"; sourceTree = "<group>"; };
		FAA700971D6BE21800484D6A /* search_selected@2x.png */ = {isa = PBXFileReference; lastKnownFileType = image.png; path = "search_selected@2x.png"; sourceTree = "<group>"; };
		FAA700981D6BE21800484D6A /* share@2x.png */ = {isa = PBXFileReference; lastKnownFileType = image.png; path = "share@2x.png"; sourceTree = "<group>"; };
		FAA700991D6BE21800484D6A /* share_selected@2x.png */ = {isa = PBXFileReference; lastKnownFileType = image.png; path = "share_selected@2x.png"; sourceTree = "<group>"; };
/* End PBXFileReference section */

/* Begin PBXFrameworksBuildPhase section */
		FAA7005C1D6BD66E00484D6A /* Frameworks */ = {
			isa = PBXFrameworksBuildPhase;
			buildActionMask = 2147483647;
			files = (
				94B887B5E6E6C99E5A37C8C0 /* libPods.a in Frameworks */,
			);
			runOnlyForDeploymentPostprocessing = 0;
		};
/* End PBXFrameworksBuildPhase section */

/* Begin PBXGroup section */
		6C91528789F9C4B0551AE256 /* Pods */ = {
			isa = PBXGroup;
			children = (
				5553FB14EC709D93BF3402B4 /* Pods.debug.xcconfig */,
				09BB644C5ED856DCC2DD8D75 /* Pods.release.xcconfig */,
			);
			name = Pods;
			sourceTree = "<group>";
		};
		A2A2C3DDA936CF3F88143352 /* Frameworks */ = {
			isa = PBXGroup;
			children = (
				A5F2D6192DB1E955FDF44B24 /* libPods.a */,
			);
			name = Frameworks;
			sourceTree = "<group>";
		};
		FAA700561D6BD66E00484D6A = {
			isa = PBXGroup;
			children = (
				FAA700791D6BD74000484D6A /* JinnPopMenu */,
				FAA700611D6BD66E00484D6A /* JinnPopMenuExample */,
				FAA700601D6BD66E00484D6A /* Products */,
				6C91528789F9C4B0551AE256 /* Pods */,
				A2A2C3DDA936CF3F88143352 /* Frameworks */,
			);
			sourceTree = "<group>";
		};
		FAA700601D6BD66E00484D6A /* Products */ = {
			isa = PBXGroup;
			children = (
				FAA7005F1D6BD66E00484D6A /* JinnPopMenuExample.app */,
			);
			name = Products;
			sourceTree = "<group>";
		};
		FAA700611D6BD66E00484D6A /* JinnPopMenuExample */ = {
			isa = PBXGroup;
			children = (
				FAA7008C1D6BE21800484D6A /* Resource */,
				FAA700651D6BD66E00484D6A /* AppDelegate.h */,
				FAA700661D6BD66E00484D6A /* AppDelegate.m */,
				FAA700681D6BD66E00484D6A /* ViewController.h */,
				FAA700691D6BD66E00484D6A /* ViewController.m */,
				FAA700621D6BD66E00484D6A /* Supporting Files */,
			);
			path = JinnPopMenuExample;
			sourceTree = "<group>";
		};
		FAA700621D6BD66E00484D6A /* Supporting Files */ = {
			isa = PBXGroup;
			children = (
				FAA7006E1D6BD66E00484D6A /* Assets.xcassets */,
				FAA700731D6BD66E00484D6A /* Info.plist */,
				FAA700631D6BD66E00484D6A /* main.m */,
			);
			name = "Supporting Files";
			sourceTree = "<group>";
		};
		FAA700791D6BD74000484D6A /* JinnPopMenu */ = {
			isa = PBXGroup;
			children = (
				FAA7007A1D6BD74000484D6A /* JinnPopMenu.h */,
				FAA7007B1D6BD74000484D6A /* JinnPopMenu.m */,
			);
			path = JinnPopMenu;
			sourceTree = "<group>";
		};
		FAA7008C1D6BE21800484D6A /* Resource */ = {
			isa = PBXGroup;
			children = (
				FAA700931D6BE21800484D6A /* icon.png */,
				FAA7008D1D6BE21800484D6A /* delete@2x.png */,
				FAA7008E1D6BE21800484D6A /* delete_selected@2x.png */,
				FAA7008F1D6BE21800484D6A /* download@2x.png */,
				FAA700901D6BE21800484D6A /* download_selected@2x.png */,
				FAA700911D6BE21800484D6A /* edit@2x.png */,
				FAA700921D6BE21800484D6A /* edit_selected@2x.png */,
				FAA700941D6BE21800484D6A /* message@2x.png */,
				FAA700951D6BE21800484D6A /* message_selected@2x.png */,
				FAA700961D6BE21800484D6A /* search@2x.png */,
				FAA700971D6BE21800484D6A /* search_selected@2x.png */,
				FAA700981D6BE21800484D6A /* share@2x.png */,
				FAA700991D6BE21800484D6A /* share_selected@2x.png */,
			);
			path = Resource;
			sourceTree = "<group>";
		};
/* End PBXGroup section */

/* Begin PBXNativeTarget section */
		FAA7005E1D6BD66E00484D6A /* JinnPopMenuExample */ = {
			isa = PBXNativeTarget;
			buildConfigurationList = FAA700761D6BD66E00484D6A /* Build configuration list for PBXNativeTarget "JinnPopMenuExample" */;
			buildPhases = (
				E32DB5A9407BDF9557F60EE5 /* Check Pods Manifest.lock */,
				FAA7005B1D6BD66E00484D6A /* Sources */,
				FAA7005C1D6BD66E00484D6A /* Frameworks */,
				FAA7005D1D6BD66E00484D6A /* Resources */,
				F161AFE4F99FE87C29E3E1B4 /* Embed Pods Frameworks */,
				FE58BDC0FF11A54C3074DFC1 /* Copy Pods Resources */,
			);
			buildRules = (
			);
			dependencies = (
			);
			name = JinnPopMenuExample;
			productName = JinnPopMenuExample;
			productReference = FAA7005F1D6BD66E00484D6A /* JinnPopMenuExample.app */;
			productType = "com.apple.product-type.application";
		};
/* End PBXNativeTarget section */

/* Begin PBXProject section */
		FAA700571D6BD66E00484D6A /* Project object */ = {
			isa = PBXProject;
			attributes = {
				LastUpgradeCheck = 0730;
				ORGANIZATIONNAME = "Jinn Chang";
				TargetAttributes = {
					FAA7005E1D6BD66E00484D6A = {
						CreatedOnToolsVersion = 7.3;
					};
				};
			};
			buildConfigurationList = FAA7005A1D6BD66E00484D6A /* Build configuration list for PBXProject "JinnPopMenuExample" */;
			compatibilityVersion = "Xcode 3.2";
			developmentRegion = English;
			hasScannedForEncodings = 0;
			knownRegions = (
				en,
				Base,
			);
			mainGroup = FAA700561D6BD66E00484D6A;
			productRefGroup = FAA700601D6BD66E00484D6A /* Products */;
			projectDirPath = "";
			projectRoot = "";
			targets = (
				FAA7005E1D6BD66E00484D6A /* JinnPopMenuExample */,
			);
		};
/* End PBXProject section */

/* Begin PBXResourcesBuildPhase section */
		FAA7005D1D6BD66E00484D6A /* Resources */ = {
			isa = PBXResourcesBuildPhase;
			buildActionMask = 2147483647;
			files = (
				FAA7009F1D6BE21800484D6A /* edit_selected@2x.png in Resources */,
				FAA700A31D6BE21800484D6A /* search@2x.png in Resources */,
				FAA700A21D6BE21800484D6A /* message_selected@2x.png in Resources */,
				FAA700A11D6BE21800484D6A /* message@2x.png in Resources */,
				FAA7009E1D6BE21800484D6A /* edit@2x.png in Resources */,
				FAA700A41D6BE21800484D6A /* search_selected@2x.png in Resources */,
				FAA7009C1D6BE21800484D6A /* download@2x.png in Resources */,
				FAA7009B1D6BE21800484D6A /* delete_selected@2x.png in Resources */,
				FAA700A01D6BE21800484D6A /* icon.png in Resources */,
				FAA7006F1D6BD66E00484D6A /* Assets.xcassets in Resources */,
				FAA700A51D6BE21800484D6A /* share@2x.png in Resources */,
				FAA700A61D6BE21800484D6A /* share_selected@2x.png in Resources */,
				FAA7009A1D6BE21800484D6A /* delete@2x.png in Resources */,
				FAA7009D1D6BE21800484D6A /* download_selected@2x.png in Resources */,
			);
			runOnlyForDeploymentPostprocessing = 0;
		};
/* End PBXResourcesBuildPhase section */

/* Begin PBXShellScriptBuildPhase section */
		E32DB5A9407BDF9557F60EE5 /* Check Pods Manifest.lock */ = {
			isa = PBXShellScriptBuildPhase;
			buildActionMask = 2147483647;
			files = (
			);
			inputPaths = (
			);
			name = "Check Pods Manifest.lock";
			outputPaths = (
			);
			runOnlyForDeploymentPostprocessing = 0;
			shellPath = /bin/sh;
			shellScript = "diff \"${PODS_ROOT}/../Podfile.lock\" \"${PODS_ROOT}/Manifest.lock\" > /dev/null\nif [[ $? != 0 ]] ; then\n    cat << EOM\nerror: The sandbox is not in sync with the Podfile.lock. Run 'pod install' or update your CocoaPods installation.\nEOM\n    exit 1\nfi\n";
			showEnvVarsInLog = 0;
		};
		F161AFE4F99FE87C29E3E1B4 /* Embed Pods Frameworks */ = {
			isa = PBXShellScriptBuildPhase;
			buildActionMask = 2147483647;
			files = (
			);
			inputPaths = (
			);
			name = "Embed Pods Frameworks";
			outputPaths = (
			);
			runOnlyForDeploymentPostprocessing = 0;
			shellPath = /bin/sh;
			shellScript = "\"${SRCROOT}/Pods/Target Support Files/Pods/Pods-frameworks.sh\"\n";
			showEnvVarsInLog = 0;
		};
		FE58BDC0FF11A54C3074DFC1 /* Copy Pods Resources */ = {
			isa = PBXShellScriptBuildPhase;
			buildActionMask = 2147483647;
			files = (
			);
			inputPaths = (
			);
			name = "Copy Pods Resources";
			outputPaths = (
			);
			runOnlyForDeploymentPostprocessing = 0;
			shellPath = /bin/sh;
			shellScript = "\"${SRCROOT}/Pods/Target Support Files/Pods/Pods-resources.sh\"\n";
			showEnvVarsInLog = 0;
		};
/* End PBXShellScriptBuildPhase section */

/* Begin PBXSourcesBuildPhase section */
		FAA7005B1D6BD66E00484D6A /* Sources */ = {
			isa = PBXSourcesBuildPhase;
			buildActionMask = 2147483647;
			files = (
				FAA7006A1D6BD66E00484D6A /* ViewController.m in Sources */,
				FAA700671D6BD66E00484D6A /* AppDelegate.m in Sources */,
				FAA700641D6BD66E00484D6A /* main.m in Sources */,
				FAA7007C1D6BD74000484D6A /* JinnPopMenu.m in Sources */,
			);
			runOnlyForDeploymentPostprocessing = 0;
		};
/* End PBXSourcesBuildPhase section */

/* Begin XCBuildConfiguration section */
		FAA700741D6BD66E00484D6A /* Debug */ = {
			isa = XCBuildConfiguration;
			buildSettings = {
				ALWAYS_SEARCH_USER_PATHS = NO;
				CLANG_ANALYZER_NONNULL = YES;
				CLANG_CXX_LANGUAGE_STANDARD = "gnu++0x";
				CLANG_CXX_LIBRARY = "libc++";
				CLANG_ENABLE_MODULES = YES;
				CLANG_ENABLE_OBJC_ARC = YES;
				CLANG_WARN_BOOL_CONVERSION = YES;
				CLANG_WARN_CONSTANT_CONVERSION = YES;
				CLANG_WARN_DIRECT_OBJC_ISA_USAGE = YES_ERROR;
				CLANG_WARN_EMPTY_BODY = YES;
				CLANG_WARN_ENUM_CONVERSION = YES;
				CLANG_WARN_INT_CONVERSION = YES;
				CLANG_WARN_OBJC_ROOT_CLASS = YES_ERROR;
				CLANG_WARN_UNREACHABLE_CODE = YES;
				CLANG_WARN__DUPLICATE_METHOD_MATCH = YES;
				"CODE_SIGN_IDENTITY[sdk=iphoneos*]" = "iPhone Developer";
				COPY_PHASE_STRIP = NO;
				DEBUG_INFORMATION_FORMAT = dwarf;
				ENABLE_STRICT_OBJC_MSGSEND = YES;
				ENABLE_TESTABILITY = YES;
				GCC_C_LANGUAGE_STANDARD = gnu99;
				GCC_DYNAMIC_NO_PIC = NO;
				GCC_NO_COMMON_BLOCKS = YES;
				GCC_OPTIMIZATION_LEVEL = 0;
				GCC_PREPROCESSOR_DEFINITIONS = (
					"DEBUG=1",
					"$(inherited)",
				);
				GCC_WARN_64_TO_32_BIT_CONVERSION = YES;
				GCC_WARN_ABOUT_RETURN_TYPE = YES_ERROR;
				GCC_WARN_UNDECLARED_SELECTOR = YES;
				GCC_WARN_UNINITIALIZED_AUTOS = YES_AGGRESSIVE;
				GCC_WARN_UNUSED_FUNCTION = YES;
				GCC_WARN_UNUSED_VARIABLE = YES;
				IPHONEOS_DEPLOYMENT_TARGET = 9.3;
				MTL_ENABLE_DEBUG_INFO = YES;
				ONLY_ACTIVE_ARCH = YES;
				SDKROOT = iphoneos;
				TARGETED_DEVICE_FAMILY = "1,2";
			};
			name = Debug;
		};
		FAA700751D6BD66E00484D6A /* Release */ = {
			isa = XCBuildConfiguration;
			buildSettings = {
				ALWAYS_SEARCH_USER_PATHS = NO;
				CLANG_ANALYZER_NONNULL = YES;
				CLANG_CXX_LANGUAGE_STANDARD = "gnu++0x";
				CLANG_CXX_LIBRARY = "libc++";
				CLANG_ENABLE_MODULES = YES;
				CLANG_ENABLE_OBJC_ARC = YES;
				CLANG_WARN_BOOL_CONVERSION = YES;
				CLANG_WARN_CONSTANT_CONVERSION = YES;
				CLANG_WARN_DIRECT_OBJC_ISA_USAGE = YES_ERROR;
				CLANG_WARN_EMPTY_BODY = YES;
				CLANG_WARN_ENUM_CONVERSION = YES;
				CLANG_WARN_INT_CONVERSION = YES;
				CLANG_WARN_OBJC_ROOT_CLASS = YES_ERROR;
				CLANG_WARN_UNREACHABLE_CODE = YES;
				CLANG_WARN__DUPLICATE_METHOD_MATCH = YES;
				"CODE_SIGN_IDENTITY[sdk=iphoneos*]" = "iPhone Developer";
				COPY_PHASE_STRIP = NO;
				DEBUG_INFORMATION_FORMAT = "dwarf-with-dsym";
				ENABLE_NS_ASSERTIONS = NO;
				ENABLE_STRICT_OBJC_MSGSEND = YES;
				GCC_C_LANGUAGE_STANDARD = gnu99;
				GCC_NO_COMMON_BLOCKS = YES;
				GCC_WARN_64_TO_32_BIT_CONVERSION = YES;
				GCC_WARN_ABOUT_RETURN_TYPE = YES_ERROR;
				GCC_WARN_UNDECLARED_SELECTOR = YES;
				GCC_WARN_UNINITIALIZED_AUTOS = YES_AGGRESSIVE;
				GCC_WARN_UNUSED_FUNCTION = YES;
				GCC_WARN_UNUSED_VARIABLE = YES;
				IPHONEOS_DEPLOYMENT_TARGET = 9.3;
				MTL_ENABLE_DEBUG_INFO = NO;
				SDKROOT = iphoneos;
				TARGETED_DEVICE_FAMILY = "1,2";
				VALIDATE_PRODUCT = YES;
			};
			name = Release;
		};
		FAA700771D6BD66E00484D6A /* Debug */ = {
			isa = XCBuildConfiguration;
			baseConfigurationReference = 5553FB14EC709D93BF3402B4 /* Pods.debug.xcconfig */;
			buildSettings = {
				ASSETCATALOG_COMPILER_APPICON_NAME = AppIcon;
				CODE_SIGN_IDENTITY = "iPhone Developer";
				"CODE_SIGN_IDENTITY[sdk=iphoneos*]" = "iPhone Developer";
				INFOPLIST_FILE = JinnPopMenuExample/Info.plist;
				IPHONEOS_DEPLOYMENT_TARGET = 8.0;
				LD_RUNPATH_SEARCH_PATHS = "$(inherited) @executable_path/Frameworks";
				PRODUCT_BUNDLE_IDENTIFIER = "com.jinnchang.ios-demo";
				PRODUCT_NAME = "$(TARGET_NAME)";
				PROVISIONING_PROFILE = "";
			};
			name = Debug;
		};
		FAA700781D6BD66E00484D6A /* Release */ = {
			isa = XCBuildConfiguration;
			baseConfigurationReference = 09BB644C5ED856DCC2DD8D75 /* Pods.release.xcconfig */;
			buildSettings = {
				ASSETCATALOG_COMPILER_APPICON_NAME = AppIcon;
				CODE_SIGN_IDENTITY = "iPhone Developer";
				"CODE_SIGN_IDENTITY[sdk=iphoneos*]" = "iPhone Developer";
				INFOPLIST_FILE = JinnPopMenuExample/Info.plist;
				IPHONEOS_DEPLOYMENT_TARGET = 8.0;
				LD_RUNPATH_SEARCH_PATHS = "$(inherited) @executable_path/Frameworks";
				PRODUCT_BUNDLE_IDENTIFIER = "com.jinnchang.ios-demo";
				PRODUCT_NAME = "$(TARGET_NAME)";
				PROVISIONING_PROFILE = "";
			};
			name = Release;
		};
/* End XCBuildConfiguration section */

/* Begin XCConfigurationList section */
		FAA7005A1D6BD66E00484D6A /* Build configuration list for PBXProject "JinnPopMenuExample" */ = {
			isa = XCConfigurationList;
			buildConfigurations = (
				FAA700741D6BD66E00484D6A /* Debug */,
				FAA700751D6BD66E00484D6A /* Release */,
			);
			defaultConfigurationIsVisible = 0;
			defaultConfigurationName = Release;
		};
		FAA700761D6BD66E00484D6A /* Build configuration list for PBXNativeTarget "JinnPopMenuExample" */ = {
			isa = XCConfigurationList;
			buildConfigurations = (
				FAA700771D6BD66E00484D6A /* Debug */,
				FAA700781D6BD66E00484D6A /* Release */,
			);
			defaultConfigurationIsVisible = 0;
			defaultConfigurationName = Release;
		};
/* End XCConfigurationList section */
	};
	rootObject = FAA700571D6BD66E00484D6A /* Project object */;
}
